
Microsoft Visual Studio Solution File, Format Version 12.00
# Visual Studio Version 17
VisualStudioVersion = 17.2.32630.192
MinimumVisualStudioVersion = 10.0.40219.1
Project("{FAE04EC0-301F-11D3-BF4B-00C04F79EFBC}") = "WebApplication1", "WebApplication1\WebApplication1.csproj", "{365133D9-ADF7-4866-AAC9-9F971011E4DC}"
EndProject
Global
	GlobalSection(SolutionConfigurationPlatforms) = preSolution
		Debug|Any CPU = Debug|Any CPU
		Release|Any CPU = Release|Any CPU
	EndGlobalSection
	GlobalSection(ProjectConfigurationPlatforms) = postSolution
		{365133D9-ADF7-4866-AAC9-9F971011E4DC}.Debug|Any CPU.ActiveCfg = Debug|Any CPU
		{365133D9-ADF7-4866-AAC9-9F971011E4DC}.Debug|Any CPU.Build.0 = Debug|Any CPU
		{365133D9-ADF7-4866-AAC9-9F971011E4DC}.Release|Any CPU.ActiveCfg = Release|Any CPU
		{365133D9-ADF7-4866-AAC9-9F971011E4DC}.Release|Any CPU.Build.0 = Release|Any CPU
	EndGlobalSection
	GlobalSection(SolutionProperties) = preSolution
		HideSolutionNode = FALSE
	EndGlobalSection
	GlobalSection(ExtensibilityGlobals) = postSolution
		SolutionGuid = {62D69E8B-009A-4AE6-997B-943F73A79D5F}
	EndGlobalSection
EndGlobal
